<?xml version="1.0" encoding="utf-8"?>
<Project ToolsVersion="4.0" xmlns="http://schemas.microsoft.com/developer/msbuild/2003">
  <ItemGroup>
    <Filter Include="Pliki źródłowe">
      <UniqueIdentifier>{4FC737F1-C7A5-4376-A066-2A32D752A2FF}</UniqueIdentifier>
      <Extensions>cpp;c;cc;cxx;c++;cppm;ixx;def;odl;idl;hpj;bat;asm;asmx</Extensions>
    </Filter>
    <Filter Include="Core">
      <UniqueIdentifier>{11697b85-3790-47d1-973c-8ab9e6c9523e}</UniqueIdentifier>
    </Filter>
    <Filter Include="Utils">
      <UniqueIdentifier>{8d17606f-1a44-4d37-8159-b6e444ccba91}</UniqueIdentifier>
    </Filter>
    <Filter Include="Resources">
      <UniqueIdentifier>{712e12cd-1ae0-4e14-add3-2dd8badcbcf1}</UniqueIdentifier>
    </Filter>
    <Filter Include="Vendor">
      <UniqueIdentifier>{d0e34ce4-4b55-4234-968f-412c1df76391}</UniqueIdentifier>
    </Filter>
    <Filter Include="Vendor\raylib">
      <UniqueIdentifier>{8966a79a-0313-42fa-a6a8-945359261b92}</UniqueIdentifier>
    </Filter>
    <Filter Include="Vendor\ImGui">
      <UniqueIdentifier>{8abb07c0-5f38-41d0-9624-eb4a6e62f744}</UniqueIdentifier>
    </Filter>
    <Filter Include="Vendor\rlImGui">
      <UniqueIdentifier>{b2533821-6376-4271-ac6c-5b97922fe859}</UniqueIdentifier>
    </Filter>
    <Filter Include="Vendor\TextEditor">
      <UniqueIdentifier>{7eacbc4d-3e74-453b-ba6f-d2927f0acf3d}</UniqueIdentifier>
    </Filter>
    <Filter Include="Vendor\rlImGui\extras">
      <UniqueIdentifier>{b0eec00e-440c-4b09-9044-3b93ed49b134}</UniqueIdentifier>
    </Filter>
  </ItemGroup>
  <ItemGroup>
    <ClCompile Include="main.cpp">
      <Filter>Pliki źródłowe</Filter>
    </ClCompile>
    <ClCompile Include="Core\AudioSystem.cpp">
      <Filter>Core</Filter>
    </ClCompile>
    <ClCompile Include="Core\Bytebeat.cpp">
      <Filter>Core</Filter>
    </ClCompile>
    <ClCompile Include="Core\GlobalState.cpp">
      <Filter>Core</Filter>
    </ClCompile>
    <ClCompile Include="Core\Presets.cpp">
      <Filter>Core</Filter>
    </ClCompile>
    <ClCompile Include="Utils\Utils.cpp">
      <Filter>Utils</Filter>
    </ClCompile>
    <ClCompile Include="Vendor\ImGui\imgui.cpp">
      <Filter>Vendor\ImGui</Filter>
    </ClCompile>
    <ClCompile Include="Vendor\ImGui\imgui_draw.cpp">
      <Filter>Vendor\ImGui</Filter>
    </ClCompile>
    <ClCompile Include="Vendor\ImGui\imgui_tables.cpp">
      <Filter>Vendor\ImGui</Filter>
    </ClCompile>
    <ClCompile Include="Vendor\ImGui\imgui_widgets.cpp">
      <Filter>Vendor\ImGui</Filter>
    </ClCompile>
    <ClCompile Include="Vendor\TextEditor\TextEditor.cpp">
      <Filter>Vendor\TextEditor</Filter>
    </ClCompile>
    <ClCompile Include="Vendor\rlImGui\rlImGui.cpp">
      <Filter>Vendor\rlImGui</Filter>
    </ClCompile>
  </ItemGroup>
  <ItemGroup>
    <ClInclude Include="Core\AudioSystem.h">
      <Filter>Core</Filter>
    </ClInclude>
    <ClInclude Include="Core\Bytebeat.h">
      <Filter>Core</Filter>
    </ClInclude>
    <ClInclude Include="Core\GlobalState.h">
      <Filter>Core</Filter>
    </ClInclude>
    <ClInclude Include="Core\Presets.h">
      <Filter>Core</Filter>
    </ClInclude>
    <ClInclude Include="Resources\icon_data.h">
      <Filter>Resources</Filter>
    </ClInclude>
    <ClInclude Include="Utils\Utils.h">
      <Filter>Utils</Filter>
    </ClInclude>
    <ClInclude Include="Vendor\ImGui\imconfig.h">
      <Filter>Vendor\ImGui</Filter>
    </ClInclude>
    <ClInclude Include="Vendor\ImGui\imgui.h">
      <Filter>Vendor\ImGui</Filter>
    </ClInclude>
    <ClInclude Include="Vendor\ImGui\imgui_impl_raylib.h">
      <Filter>Vendor\ImGui</Filter>
    </ClInclude>
    <ClInclude Include="Vendor\ImGui\imgui_internal.h">
      <Filter>Vendor\ImGui</Filter>
    </ClInclude>
    <ClInclude Include="Vendor\ImGui\imstb_rectpack.h">
      <Filter>Vendor\ImGui</Filter>
    </ClInclude>
    <ClInclude Include="Vendor\ImGui\imstb_textedit.h">
      <Filter>Vendor\ImGui</Filter>
    </ClInclude>
    <ClInclude Include="Vendor\ImGui\imstb_truetype.h">
      <Filter>Vendor\ImGui</Filter>
    </ClInclude>
    <ClInclude Include="Vendor\TextEditor\TextEditor.h">
      <Filter>Vendor\TextEditor</Filter>
    </ClInclude>
    <ClInclude Include="Vendor\rlImGui\rlImGui.h">
      <Filter>Vendor\rlImGui</Filter>
    </ClInclude>
    <ClInclude Include="Vendor\rlImGui\extras\FA6FreeSolidFontData.h">
      <Filter>Vendor\rlImGui\extras</Filter>
    </ClInclude>
    <ClInclude Include="Vendor\rlImGui\extras\IconsFontAwesome6.h">
      <Filter>Vendor\rlImGui\extras</Filter>
    </ClInclude>
    <ClInclude Include="Vendor\raylib\include\pl_mpeg.h">
      <Filter>Vendor\raylib</Filter>
    </ClInclude>
    <ClInclude Include="Vendor\raylib\include\raylib.h">
      <Filter>Vendor\raylib</Filter>
    </ClInclude>
    <ClInclude Include="Vendor\raylib\include\raymath.h">
      <Filter>Vendor\raylib</Filter>
    </ClInclude>
    <ClInclude Include="Vendor\raylib\include\rlgl.h">
      <Filter>Vendor\raylib</Filter>
    </ClInclude>
    <ClInclude Include="resource.h">
      <Filter>Resources</Filter>
    </ClInclude>
  </ItemGroup>
  <ItemGroup>
    <Image Include="Resources\icon.ico">
      <Filter>Resources</Filter>
    </Image>
  </ItemGroup>
  <ItemGroup>
    <ResourceCompile Include="bytebeat-player.rc">
      <Filter>Resources</Filter>
    </ResourceCompile>
  </ItemGroup>
</Project>